
Microsoft Visual Studio Solution File, Format Version 12.00
# Visual Studio Version 16
VisualStudioVersion = 16.0.30128.74
MinimumVisualStudioVersion = 10.0.40219.1
Project("{FAE04EC0-301F-11D3-BF4B-00C04F79EFBC}") = "Classroom", "Classroom\Classroom.csproj", "{F3464E5D-E54C-43F1-AFFE-74B56CCF8257}"
EndProject
Global
	GlobalSection(SolutionConfigurationPlatforms) = preSolution
		Debug|Any CPU = Debug|Any CPU
		Release|Any CPU = Release|Any CPU
	EndGlobalSection
	GlobalSection(ProjectConfigurationPlatforms) = postSolution
		{F3464E5D-E54C-43F1-AFFE-74B56CCF8257}.Debug|Any CPU.ActiveCfg = Debug|Any CPU
		{F3464E5D-E54C-43F1-AFFE-74B56CCF8257}.Debug|Any CPU.Build.0 = Debug|Any CPU
		{F3464E5D-E54C-43F1-AFFE-74B56CCF8257}.Release|Any CPU.ActiveCfg = Release|Any CPU
		{F3464E5D-E54C-43F1-AFFE-74B56CCF8257}.Release|Any CPU.Build.0 = Release|Any CPU
	EndGlobalSection
	GlobalSection(SolutionProperties) = preSolution
		HideSolutionNode = FALSE
	EndGlobalSection
	GlobalSection(ExtensibilityGlobals) = postSolution
		SolutionGuid = {32D8EB96-D2F9-40EA-B5D8-304497A58FE1}
	EndGlobalSection
EndGlobal
